
Microsoft Visual Studio Solution File, Format Version 12.00
# Visual Studio Version 17
VisualStudioVersion = 17.0.31919.166
MinimumVisualStudioVersion = 10.0.40219.1
Project("{FAE04EC0-301F-11D3-BF4B-00C04F79EFBC}") = "E-commerce.Repositiry", "E-commerce.Repositiry\E-commerce.Repositiry.csproj", "{C2F8F531-7C5C-4DEB-9453-381BB840C8CC}"
EndProject
Project("{FAE04EC0-301F-11D3-BF4B-00C04F79EFBC}") = "E-commerce.WebApi", "E-commerce.WebApi\E-commerce.WebApi.csproj", "{AA6E66CE-6C5C-41B4-A836-57F91794F20A}"
EndProject
Project("{00D1A9C2-B5F0-4AF3-8072-F6C62B433612}") = "E-commerce.Database", "E-commerce.Database\E-commerce.Database.sqlproj", "{DD50E5BB-B09A-41C6-AF32-CC6A2D14EAFB}"
EndProject
Project("{FAE04EC0-301F-11D3-BF4B-00C04F79EFBC}") = "E-commerce.Models", "E-commerce.Models\E-commerce.Models.csproj", "{F05D4F0C-AA35-40B1-B709-99F852C53F4B}"
EndProject
Global
	GlobalSection(SolutionConfigurationPlatforms) = preSolution
		Debug|Any CPU = Debug|Any CPU
		Release|Any CPU = Release|Any CPU
	EndGlobalSection
	GlobalSection(ProjectConfigurationPlatforms) = postSolution
		{C2F8F531-7C5C-4DEB-9453-381BB840C8CC}.Debug|Any CPU.ActiveCfg = Debug|Any CPU
		{C2F8F531-7C5C-4DEB-9453-381BB840C8CC}.Debug|Any CPU.Build.0 = Debug|Any CPU
		{C2F8F531-7C5C-4DEB-9453-381BB840C8CC}.Release|Any CPU.ActiveCfg = Release|Any CPU
		{C2F8F531-7C5C-4DEB-9453-381BB840C8CC}.Release|Any CPU.Build.0 = Release|Any CPU
		{AA6E66CE-6C5C-41B4-A836-57F91794F20A}.Debug|Any CPU.ActiveCfg = Debug|Any CPU
		{AA6E66CE-6C5C-41B4-A836-57F91794F20A}.Debug|Any CPU.Build.0 = Debug|Any CPU
		{AA6E66CE-6C5C-41B4-A836-57F91794F20A}.Release|Any CPU.ActiveCfg = Release|Any CPU
		{AA6E66CE-6C5C-41B4-A836-57F91794F20A}.Release|Any CPU.Build.0 = Release|Any CPU
		{DD50E5BB-B09A-41C6-AF32-CC6A2D14EAFB}.Debug|Any CPU.ActiveCfg = Debug|Any CPU
		{DD50E5BB-B09A-41C6-AF32-CC6A2D14EAFB}.Debug|Any CPU.Build.0 = Debug|Any CPU
		{DD50E5BB-B09A-41C6-AF32-CC6A2D14EAFB}.Debug|Any CPU.Deploy.0 = Debug|Any CPU
		{DD50E5BB-B09A-41C6-AF32-CC6A2D14EAFB}.Release|Any CPU.ActiveCfg = Release|Any CPU
		{DD50E5BB-B09A-41C6-AF32-CC6A2D14EAFB}.Release|Any CPU.Build.0 = Release|Any CPU
		{DD50E5BB-B09A-41C6-AF32-CC6A2D14EAFB}.Release|Any CPU.Deploy.0 = Release|Any CPU
		{F05D4F0C-AA35-40B1-B709-99F852C53F4B}.Debug|Any CPU.ActiveCfg = Debug|Any CPU
		{F05D4F0C-AA35-40B1-B709-99F852C53F4B}.Debug|Any CPU.Build.0 = Debug|Any CPU
		{F05D4F0C-AA35-40B1-B709-99F852C53F4B}.Release|Any CPU.ActiveCfg = Release|Any CPU
		{F05D4F0C-AA35-40B1-B709-99F852C53F4B}.Release|Any CPU.Build.0 = Release|Any CPU
	EndGlobalSection
	GlobalSection(SolutionProperties) = preSolution
		HideSolutionNode = FALSE
	EndGlobalSection
	GlobalSection(ExtensibilityGlobals) = postSolution
		SolutionGuid = {16A996A6-1502-4C49-B6CF-D4880BAE6E91}
	EndGlobalSection
EndGlobal
